
Microsoft Visual Studio Solution File, Format Version 12.00
# Visual Studio Version 16
VisualStudioVersion = 16.0.30523.141
MinimumVisualStudioVersion = 10.0.40219.1
Project("{FAE04EC0-301F-11D3-BF4B-00C04F79EFBC}") = "DataRetrevialLib", "DataRetrevialLib\DataRetrevialLib.csproj", "{618AC425-05CE-45A1-BE99-1475A0BBE944}"
EndProject
Project("{FAE04EC0-301F-11D3-BF4B-00C04F79EFBC}") = "ConsoleAppController", "ConsoleAppController\ConsoleAppController.csproj", "{7214AA20-31BD-48D5-96B9-62511B0C5C7A}"
EndProject
Project("{FAE04EC0-301F-11D3-BF4B-00C04F79EFBC}") = "DataStorageLib", "DataStorageLib\DataStorageLib.csproj", "{33BE6EDE-3258-41F6-A37B-4FE31755F526}"
EndProject
Global
	GlobalSection(SolutionConfigurationPlatforms) = preSolution
		Debug|Any CPU = Debug|Any CPU
		Debug|x64 = Debug|x64
		Release|Any CPU = Release|Any CPU
		Release|x64 = Release|x64
		Test|Any CPU = Test|Any CPU
		Test|x64 = Test|x64
	EndGlobalSection
	GlobalSection(ProjectConfigurationPlatforms) = postSolution
		{618AC425-05CE-45A1-BE99-1475A0BBE944}.Debug|Any CPU.ActiveCfg = Debug|Any CPU
		{618AC425-05CE-45A1-BE99-1475A0BBE944}.Debug|Any CPU.Build.0 = Debug|Any CPU
		{618AC425-05CE-45A1-BE99-1475A0BBE944}.Debug|x64.ActiveCfg = Debug|x64
		{618AC425-05CE-45A1-BE99-1475A0BBE944}.Debug|x64.Build.0 = Debug|x64
		{618AC425-05CE-45A1-BE99-1475A0BBE944}.Release|Any CPU.ActiveCfg = Release|Any CPU
		{618AC425-05CE-45A1-BE99-1475A0BBE944}.Release|Any CPU.Build.0 = Release|Any CPU
		{618AC425-05CE-45A1-BE99-1475A0BBE944}.Release|x64.ActiveCfg = Release|x64
		{618AC425-05CE-45A1-BE99-1475A0BBE944}.Release|x64.Build.0 = Release|x64
		{618AC425-05CE-45A1-BE99-1475A0BBE944}.Test|Any CPU.ActiveCfg = Test|Any CPU
		{618AC425-05CE-45A1-BE99-1475A0BBE944}.Test|Any CPU.Build.0 = Test|Any CPU
		{618AC425-05CE-45A1-BE99-1475A0BBE944}.Test|x64.ActiveCfg = Test|x64
		{618AC425-05CE-45A1-BE99-1475A0BBE944}.Test|x64.Build.0 = Test|x64
		{7214AA20-31BD-48D5-96B9-62511B0C5C7A}.Debug|Any CPU.ActiveCfg = Debug|Any CPU
		{7214AA20-31BD-48D5-96B9-62511B0C5C7A}.Debug|Any CPU.Build.0 = Debug|Any CPU
		{7214AA20-31BD-48D5-96B9-62511B0C5C7A}.Debug|x64.ActiveCfg = Debug|x64
		{7214AA20-31BD-48D5-96B9-62511B0C5C7A}.Debug|x64.Build.0 = Debug|x64
		{7214AA20-31BD-48D5-96B9-62511B0C5C7A}.Release|Any CPU.ActiveCfg = Release|Any CPU
		{7214AA20-31BD-48D5-96B9-62511B0C5C7A}.Release|Any CPU.Build.0 = Release|Any CPU
		{7214AA20-31BD-48D5-96B9-62511B0C5C7A}.Release|x64.ActiveCfg = Release|x64
		{7214AA20-31BD-48D5-96B9-62511B0C5C7A}.Release|x64.Build.0 = Release|x64
		{7214AA20-31BD-48D5-96B9-62511B0C5C7A}.Test|Any CPU.ActiveCfg = Test|Any CPU
		{7214AA20-31BD-48D5-96B9-62511B0C5C7A}.Test|Any CPU.Build.0 = Test|Any CPU
		{7214AA20-31BD-48D5-96B9-62511B0C5C7A}.Test|x64.ActiveCfg = Test|x64
		{7214AA20-31BD-48D5-96B9-62511B0C5C7A}.Test|x64.Build.0 = Test|x64
		{33BE6EDE-3258-41F6-A37B-4FE31755F526}.Debug|Any CPU.ActiveCfg = Debug|Any CPU
		{33BE6EDE-3258-41F6-A37B-4FE31755F526}.Debug|Any CPU.Build.0 = Debug|Any CPU
		{33BE6EDE-3258-41F6-A37B-4FE31755F526}.Debug|x64.ActiveCfg = Debug|x64
		{33BE6EDE-3258-41F6-A37B-4FE31755F526}.Debug|x64.Build.0 = Debug|x64
		{33BE6EDE-3258-41F6-A37B-4FE31755F526}.Release|Any CPU.ActiveCfg = Release|Any CPU
		{33BE6EDE-3258-41F6-A37B-4FE31755F526}.Release|Any CPU.Build.0 = Release|Any CPU
		{33BE6EDE-3258-41F6-A37B-4FE31755F526}.Release|x64.ActiveCfg = Release|x64
		{33BE6EDE-3258-41F6-A37B-4FE31755F526}.Release|x64.Build.0 = Release|x64
		{33BE6EDE-3258-41F6-A37B-4FE31755F526}.Test|Any CPU.ActiveCfg = Test|Any CPU
		{33BE6EDE-3258-41F6-A37B-4FE31755F526}.Test|Any CPU.Build.0 = Test|Any CPU
		{33BE6EDE-3258-41F6-A37B-4FE31755F526}.Test|x64.ActiveCfg = Test|x64
		{33BE6EDE-3258-41F6-A37B-4FE31755F526}.Test|x64.Build.0 = Test|x64
	EndGlobalSection
	GlobalSection(SolutionProperties) = preSolution
		HideSolutionNode = FALSE
	EndGlobalSection
	GlobalSection(ExtensibilityGlobals) = postSolution
		SolutionGuid = {94C8757A-E415-4596-9081-94A9952F4C5E}
	EndGlobalSection
EndGlobal
